
Microsoft Visual Studio Solution File, Format Version 12.00
# Visual Studio 2012
Project("{FAE04EC0-301F-11D3-BF4B-00C04F79EFBC}") = "SharpNose.Core", "SharpNose.Core\SharpNose.Core.csproj", "{4A69B647-9633-4F27-95BB-02C4420DAF5F}"
EndProject
Project("{FAE04EC0-301F-11D3-BF4B-00C04F79EFBC}") = "SharpNose", "SharpNose\SharpNose.csproj", "{B317DC44-0776-469A-945D-72CEE1B84BAD}"
EndProject
Project("{FAE04EC0-301F-11D3-BF4B-00C04F79EFBC}") = "SharpNose.Tests.Classes", "SharpNose.Tests.Classes\SharpNose.Tests.Classes.csproj", "{B5E67CFD-44E8-4B81-AEB3-317375BBA365}"
EndProject
Project("{FAE04EC0-301F-11D3-BF4B-00C04F79EFBC}") = "SharpNose.Tests.Classes2", "SharpNose.Tests.Classes2\SharpNose.Tests.Classes2.csproj", "{4BBDD242-CE61-4772-89D4-CB829CD9BDD0}"
EndProject
Project("{FAE04EC0-301F-11D3-BF4B-00C04F79EFBC}") = "SharpNose.Tests", "SharpNose.Tests\SharpNose.Tests.csproj", "{CBD27606-09A9-40FC-A10F-0C78136DF613}"
EndProject
Project("{2150E333-8FDC-42A3-9474-1A3956D46DE8}") = "Solution Items", "Solution Items", "{006C2D85-F598-4711-BD2B-CB836AD63768}"
	ProjectSection(SolutionItems) = preProject
		Local.testsettings = Local.testsettings
		SharpNose.vsmdi = SharpNose.vsmdi
		TraceAndTestImpact.testsettings = TraceAndTestImpact.testsettings
		VersionInfo.cs = VersionInfo.cs
	EndProjectSection
EndProject
Project("{FAE04EC0-301F-11D3-BF4B-00C04F79EFBC}") = "SharpNose.SDK", "SharpNose.Plugins\SharpNose.SDK.csproj", "{92D8C8FA-0256-4423-A7AE-8E904C2D3659}"
EndProject
Project("{FAE04EC0-301F-11D3-BF4B-00C04F79EFBC}") = "SharpNose.SDK.NUnit", "SharpNose.Plugins.NUnit\SharpNose.SDK.NUnit.csproj", "{6598E797-3939-43EF-B59B-AA5C2E2015E7}"
EndProject
Project("{FAE04EC0-301F-11D3-BF4B-00C04F79EFBC}") = "SharpNose.SDK.MsTest", "SharpNose.Plugins.MsTest\SharpNose.SDK.MsTest.csproj", "{E2565E7B-096B-4497-AB02-4854B3E121CB}"
EndProject
Project("{FAE04EC0-301F-11D3-BF4B-00C04F79EFBC}") = "SharpNose.Tests.MsTest.Classes", "SharpNose.Tests.MsTest.Classes\SharpNose.Tests.MsTest.Classes.csproj", "{E1292C91-73C5-4911-899E-F746DB5FF92E}"
EndProject
Project("{FAE04EC0-301F-11D3-BF4B-00C04F79EFBC}") = "SharpNose.Tests.MsTest.Classes2", "SharpNose.Tests.MsTest.Classes2\SharpNose.Tests.MsTest.Classes2.csproj", "{13CDF82A-35BA-478E-88C2-8DC5DF13BC2D}"
EndProject
Global
	GlobalSection(TeamFoundationVersionControl) = preSolution
		SccNumberOfProjects = 11
		SccEnterpriseProvider = {4CA58AB2-18FA-4F8D-95D4-32DDF27D184C}
		SccTeamFoundationServer = https://tfs.codeplex.com/tfs/tfs07
		SccLocalPath0 = .
		SccProjectUniqueName1 = SharpNose.Core\\SharpNose.Core.csproj
		SccProjectName1 = SharpNose.Core
		SccLocalPath1 = SharpNose.Core
		SccProjectUniqueName2 = SharpNose\\SharpNose.csproj
		SccProjectName2 = SharpNose
		SccLocalPath2 = SharpNose
		SccProjectUniqueName3 = SharpNose.Tests.Classes\\SharpNose.Tests.Classes.csproj
		SccProjectName3 = SharpNose.Tests.Classes
		SccLocalPath3 = SharpNose.Tests.Classes
		SccProjectUniqueName4 = SharpNose.Tests.Classes2\\SharpNose.Tests.Classes2.csproj
		SccProjectName4 = SharpNose.Tests.Classes2
		SccLocalPath4 = SharpNose.Tests.Classes2
		SccProjectUniqueName5 = SharpNose.Tests\\SharpNose.Tests.csproj
		SccProjectName5 = SharpNose.Tests
		SccLocalPath5 = SharpNose.Tests
		SccProjectUniqueName6 = SharpNose.Plugins\\SharpNose.SDK.csproj
		SccProjectName6 = SharpNose.Plugins
		SccLocalPath6 = SharpNose.Plugins
		SccProjectUniqueName7 = SharpNose.Plugins.NUnit\\SharpNose.SDK.NUnit.csproj
		SccProjectName7 = SharpNose.Plugins.NUnit
		SccLocalPath7 = SharpNose.Plugins.NUnit
		SccProjectUniqueName8 = SharpNose.Plugins.MsTest\\SharpNose.SDK.MsTest.csproj
		SccProjectName8 = SharpNose.Plugins.MsTest
		SccLocalPath8 = SharpNose.Plugins.MsTest
		SccProjectUniqueName9 = SharpNose.Tests.MsTest.Classes\\SharpNose.Tests.MsTest.Classes.csproj
		SccProjectName9 = SharpNose.Tests.MsTest.Classes
		SccLocalPath9 = SharpNose.Tests.MsTest.Classes
		SccProjectUniqueName10 = SharpNose.Tests.MsTest.Classes2\\SharpNose.Tests.MsTest.Classes2.csproj
		SccProjectName10 = SharpNose.Tests.MsTest.Classes2
		SccLocalPath10 = SharpNose.Tests.MsTest.Classes2
	EndGlobalSection
	GlobalSection(TestCaseManagementSettings) = postSolution
		CategoryFile = SharpNose.vsmdi
	EndGlobalSection
	GlobalSection(SolutionConfigurationPlatforms) = preSolution
		Debug|Any CPU = Debug|Any CPU
		Debug|x86 = Debug|x86
		Release|Any CPU = Release|Any CPU
		Release|x86 = Release|x86
	EndGlobalSection
	GlobalSection(ProjectConfigurationPlatforms) = postSolution
		{4A69B647-9633-4F27-95BB-02C4420DAF5F}.Debug|Any CPU.ActiveCfg = Debug|Any CPU
		{4A69B647-9633-4F27-95BB-02C4420DAF5F}.Debug|Any CPU.Build.0 = Debug|Any CPU
		{4A69B647-9633-4F27-95BB-02C4420DAF5F}.Debug|x86.ActiveCfg = Debug|x86
		{4A69B647-9633-4F27-95BB-02C4420DAF5F}.Debug|x86.Build.0 = Debug|x86
		{4A69B647-9633-4F27-95BB-02C4420DAF5F}.Release|Any CPU.ActiveCfg = Release|Any CPU
		{4A69B647-9633-4F27-95BB-02C4420DAF5F}.Release|Any CPU.Build.0 = Release|Any CPU
		{4A69B647-9633-4F27-95BB-02C4420DAF5F}.Release|x86.ActiveCfg = Release|x86
		{4A69B647-9633-4F27-95BB-02C4420DAF5F}.Release|x86.Build.0 = Release|x86
		{B317DC44-0776-469A-945D-72CEE1B84BAD}.Debug|Any CPU.ActiveCfg = Debug|Any CPU
		{B317DC44-0776-469A-945D-72CEE1B84BAD}.Debug|Any CPU.Build.0 = Debug|Any CPU
		{B317DC44-0776-469A-945D-72CEE1B84BAD}.Debug|x86.ActiveCfg = Debug|x86
		{B317DC44-0776-469A-945D-72CEE1B84BAD}.Debug|x86.Build.0 = Debug|x86
		{B317DC44-0776-469A-945D-72CEE1B84BAD}.Release|Any CPU.ActiveCfg = Release|Any CPU
		{B317DC44-0776-469A-945D-72CEE1B84BAD}.Release|Any CPU.Build.0 = Release|Any CPU
		{B317DC44-0776-469A-945D-72CEE1B84BAD}.Release|x86.ActiveCfg = Release|x86
		{B317DC44-0776-469A-945D-72CEE1B84BAD}.Release|x86.Build.0 = Release|x86
		{B5E67CFD-44E8-4B81-AEB3-317375BBA365}.Debug|Any CPU.ActiveCfg = Debug|Any CPU
		{B5E67CFD-44E8-4B81-AEB3-317375BBA365}.Debug|Any CPU.Build.0 = Debug|Any CPU
		{B5E67CFD-44E8-4B81-AEB3-317375BBA365}.Debug|x86.ActiveCfg = Debug|x86
		{B5E67CFD-44E8-4B81-AEB3-317375BBA365}.Debug|x86.Build.0 = Debug|x86
		{B5E67CFD-44E8-4B81-AEB3-317375BBA365}.Release|Any CPU.ActiveCfg = Release|Any CPU
		{B5E67CFD-44E8-4B81-AEB3-317375BBA365}.Release|Any CPU.Build.0 = Release|Any CPU
		{B5E67CFD-44E8-4B81-AEB3-317375BBA365}.Release|x86.ActiveCfg = Release|x86
		{B5E67CFD-44E8-4B81-AEB3-317375BBA365}.Release|x86.Build.0 = Release|x86
		{4BBDD242-CE61-4772-89D4-CB829CD9BDD0}.Debug|Any CPU.ActiveCfg = Debug|Any CPU
		{4BBDD242-CE61-4772-89D4-CB829CD9BDD0}.Debug|Any CPU.Build.0 = Debug|Any CPU
		{4BBDD242-CE61-4772-89D4-CB829CD9BDD0}.Debug|x86.ActiveCfg = Debug|x86
		{4BBDD242-CE61-4772-89D4-CB829CD9BDD0}.Debug|x86.Build.0 = Debug|x86
		{4BBDD242-CE61-4772-89D4-CB829CD9BDD0}.Release|Any CPU.ActiveCfg = Release|Any CPU
		{4BBDD242-CE61-4772-89D4-CB829CD9BDD0}.Release|Any CPU.Build.0 = Release|Any CPU
		{4BBDD242-CE61-4772-89D4-CB829CD9BDD0}.Release|x86.ActiveCfg = Release|x86
		{4BBDD242-CE61-4772-89D4-CB829CD9BDD0}.Release|x86.Build.0 = Release|x86
		{CBD27606-09A9-40FC-A10F-0C78136DF613}.Debug|Any CPU.ActiveCfg = Debug|Any CPU
		{CBD27606-09A9-40FC-A10F-0C78136DF613}.Debug|Any CPU.Build.0 = Debug|Any CPU
		{CBD27606-09A9-40FC-A10F-0C78136DF613}.Debug|x86.ActiveCfg = Debug|x86
		{CBD27606-09A9-40FC-A10F-0C78136DF613}.Debug|x86.Build.0 = Debug|x86
		{CBD27606-09A9-40FC-A10F-0C78136DF613}.Release|Any CPU.ActiveCfg = Release|Any CPU
		{CBD27606-09A9-40FC-A10F-0C78136DF613}.Release|Any CPU.Build.0 = Release|Any CPU
		{CBD27606-09A9-40FC-A10F-0C78136DF613}.Release|x86.ActiveCfg = Release|x86
		{CBD27606-09A9-40FC-A10F-0C78136DF613}.Release|x86.Build.0 = Release|x86
		{92D8C8FA-0256-4423-A7AE-8E904C2D3659}.Debug|Any CPU.ActiveCfg = Debug|Any CPU
		{92D8C8FA-0256-4423-A7AE-8E904C2D3659}.Debug|Any CPU.Build.0 = Debug|Any CPU
		{92D8C8FA-0256-4423-A7AE-8E904C2D3659}.Debug|x86.ActiveCfg = Debug|Any CPU
		{92D8C8FA-0256-4423-A7AE-8E904C2D3659}.Release|Any CPU.ActiveCfg = Release|Any CPU
		{92D8C8FA-0256-4423-A7AE-8E904C2D3659}.Release|Any CPU.Build.0 = Release|Any CPU
		{92D8C8FA-0256-4423-A7AE-8E904C2D3659}.Release|x86.ActiveCfg = Release|Any CPU
		{6598E797-3939-43EF-B59B-AA5C2E2015E7}.Debug|Any CPU.ActiveCfg = Debug|Any CPU
		{6598E797-3939-43EF-B59B-AA5C2E2015E7}.Debug|Any CPU.Build.0 = Debug|Any CPU
		{6598E797-3939-43EF-B59B-AA5C2E2015E7}.Debug|x86.ActiveCfg = Debug|Any CPU
		{6598E797-3939-43EF-B59B-AA5C2E2015E7}.Release|Any CPU.ActiveCfg = Release|Any CPU
		{6598E797-3939-43EF-B59B-AA5C2E2015E7}.Release|Any CPU.Build.0 = Release|Any CPU
		{6598E797-3939-43EF-B59B-AA5C2E2015E7}.Release|x86.ActiveCfg = Release|Any CPU
		{E2565E7B-096B-4497-AB02-4854B3E121CB}.Debug|Any CPU.ActiveCfg = Debug|Any CPU
		{E2565E7B-096B-4497-AB02-4854B3E121CB}.Debug|Any CPU.Build.0 = Debug|Any CPU
		{E2565E7B-096B-4497-AB02-4854B3E121CB}.Debug|x86.ActiveCfg = Debug|Any CPU
		{E2565E7B-096B-4497-AB02-4854B3E121CB}.Release|Any CPU.ActiveCfg = Release|Any CPU
		{E2565E7B-096B-4497-AB02-4854B3E121CB}.Release|Any CPU.Build.0 = Release|Any CPU
		{E2565E7B-096B-4497-AB02-4854B3E121CB}.Release|x86.ActiveCfg = Release|Any CPU
		{E1292C91-73C5-4911-899E-F746DB5FF92E}.Debug|Any CPU.ActiveCfg = Debug|Any CPU
		{E1292C91-73C5-4911-899E-F746DB5FF92E}.Debug|Any CPU.Build.0 = Debug|Any CPU
		{E1292C91-73C5-4911-899E-F746DB5FF92E}.Debug|x86.ActiveCfg = Debug|Any CPU
		{E1292C91-73C5-4911-899E-F746DB5FF92E}.Release|Any CPU.ActiveCfg = Release|Any CPU
		{E1292C91-73C5-4911-899E-F746DB5FF92E}.Release|Any CPU.Build.0 = Release|Any CPU
		{E1292C91-73C5-4911-899E-F746DB5FF92E}.Release|x86.ActiveCfg = Release|Any CPU
		{13CDF82A-35BA-478E-88C2-8DC5DF13BC2D}.Debug|Any CPU.ActiveCfg = Debug|Any CPU
		{13CDF82A-35BA-478E-88C2-8DC5DF13BC2D}.Debug|Any CPU.Build.0 = Debug|Any CPU
		{13CDF82A-35BA-478E-88C2-8DC5DF13BC2D}.Debug|x86.ActiveCfg = Debug|Any CPU
		{13CDF82A-35BA-478E-88C2-8DC5DF13BC2D}.Release|Any CPU.ActiveCfg = Release|Any CPU
		{13CDF82A-35BA-478E-88C2-8DC5DF13BC2D}.Release|Any CPU.Build.0 = Release|Any CPU
		{13CDF82A-35BA-478E-88C2-8DC5DF13BC2D}.Release|x86.ActiveCfg = Release|Any CPU
	EndGlobalSection
	GlobalSection(SolutionProperties) = preSolution
		HideSolutionNode = FALSE
	EndGlobalSection
EndGlobal
